
Microsoft Visual Studio Solution File, Format Version 12.00
# Visual Studio 15
Project("{FAE04EC0-301F-11D3-BF4B-00C04F79EFBC}") = "AstarPathfindingProject", "AstarPathfindingProject.csproj", "{6ACFFC61-FE01-9248-49A9-D1E3C6AB15BB}"
EndProject
Project("{FAE04EC0-301F-11D3-BF4B-00C04F79EFBC}") = "SuperTiled2Unity", "SuperTiled2Unity.csproj", "{4A9DB52F-6BE2-5DEB-A54B-C46FD86C1E15}"
EndProject
Project("{FAE04EC0-301F-11D3-BF4B-00C04F79EFBC}") = "Assembly-CSharp", "Assembly-CSharp.csproj", "{62F351C4-C704-2E45-3AA5-F1CF96143513}"
EndProject
Project("{FAE04EC0-301F-11D3-BF4B-00C04F79EFBC}") = "SuperTiled2UnityEditor", "SuperTiled2UnityEditor.csproj", "{579C5ED2-D5AB-1D61-17C5-B87FE9624596}"
EndProject
Project("{FAE04EC0-301F-11D3-BF4B-00C04F79EFBC}") = "AstarPathfindingProjectEditor", "AstarPathfindingProjectEditor.csproj", "{53918BB1-D1BD-A7CE-2FD6-4A42FA7EFC39}"
EndProject
Project("{FAE04EC0-301F-11D3-BF4B-00C04F79EFBC}") = "PackageToolsEditor", "PackageToolsEditor.csproj", "{58844D48-58E8-E9B1-CF24-0783A82FD8D0}"
EndProject
Project("{FAE04EC0-301F-11D3-BF4B-00C04F79EFBC}") = "Assembly-CSharp-Editor", "Assembly-CSharp-Editor.csproj", "{50F97AFC-152B-65A4-5DA3-E1949BDEAB6A}"
EndProject
Global
	GlobalSection(SolutionConfigurationPlatforms) = preSolution
		Debug|Any CPU = Debug|Any CPU
		Release|Any CPU = Release|Any CPU
	EndGlobalSection
	GlobalSection(ProjectConfigurationPlatforms) = postSolution
		{6ACFFC61-FE01-9248-49A9-D1E3C6AB15BB}.Debug|Any CPU.ActiveCfg = Debug|Any CPU
		{6ACFFC61-FE01-9248-49A9-D1E3C6AB15BB}.Debug|Any CPU.Build.0 = Debug|Any CPU
		{6ACFFC61-FE01-9248-49A9-D1E3C6AB15BB}.Release|Any CPU.ActiveCfg = Release|Any CPU
		{6ACFFC61-FE01-9248-49A9-D1E3C6AB15BB}.Release|Any CPU.Build.0 = Release|Any CPU
		{4A9DB52F-6BE2-5DEB-A54B-C46FD86C1E15}.Debug|Any CPU.ActiveCfg = Debug|Any CPU
		{4A9DB52F-6BE2-5DEB-A54B-C46FD86C1E15}.Debug|Any CPU.Build.0 = Debug|Any CPU
		{4A9DB52F-6BE2-5DEB-A54B-C46FD86C1E15}.Release|Any CPU.ActiveCfg = Release|Any CPU
		{4A9DB52F-6BE2-5DEB-A54B-C46FD86C1E15}.Release|Any CPU.Build.0 = Release|Any CPU
		{62F351C4-C704-2E45-3AA5-F1CF96143513}.Debug|Any CPU.ActiveCfg = Debug|Any CPU
		{62F351C4-C704-2E45-3AA5-F1CF96143513}.Debug|Any CPU.Build.0 = Debug|Any CPU
		{62F351C4-C704-2E45-3AA5-F1CF96143513}.Release|Any CPU.ActiveCfg = Release|Any CPU
		{62F351C4-C704-2E45-3AA5-F1CF96143513}.Release|Any CPU.Build.0 = Release|Any CPU
		{579C5ED2-D5AB-1D61-17C5-B87FE9624596}.Debug|Any CPU.ActiveCfg = Debug|Any CPU
		{579C5ED2-D5AB-1D61-17C5-B87FE9624596}.Debug|Any CPU.Build.0 = Debug|Any CPU
		{579C5ED2-D5AB-1D61-17C5-B87FE9624596}.Release|Any CPU.ActiveCfg = Release|Any CPU
		{579C5ED2-D5AB-1D61-17C5-B87FE9624596}.Release|Any CPU.Build.0 = Release|Any CPU
		{53918BB1-D1BD-A7CE-2FD6-4A42FA7EFC39}.Debug|Any CPU.ActiveCfg = Debug|Any CPU
		{53918BB1-D1BD-A7CE-2FD6-4A42FA7EFC39}.Debug|Any CPU.Build.0 = Debug|Any CPU
		{53918BB1-D1BD-A7CE-2FD6-4A42FA7EFC39}.Release|Any CPU.ActiveCfg = Release|Any CPU
		{53918BB1-D1BD-A7CE-2FD6-4A42FA7EFC39}.Release|Any CPU.Build.0 = Release|Any CPU
		{58844D48-58E8-E9B1-CF24-0783A82FD8D0}.Debug|Any CPU.ActiveCfg = Debug|Any CPU
		{58844D48-58E8-E9B1-CF24-0783A82FD8D0}.Debug|Any CPU.Build.0 = Debug|Any CPU
		{58844D48-58E8-E9B1-CF24-0783A82FD8D0}.Release|Any CPU.ActiveCfg = Release|Any CPU
		{58844D48-58E8-E9B1-CF24-0783A82FD8D0}.Release|Any CPU.Build.0 = Release|Any CPU
		{50F97AFC-152B-65A4-5DA3-E1949BDEAB6A}.Debug|Any CPU.ActiveCfg = Debug|Any CPU
		{50F97AFC-152B-65A4-5DA3-E1949BDEAB6A}.Debug|Any CPU.Build.0 = Debug|Any CPU
		{50F97AFC-152B-65A4-5DA3-E1949BDEAB6A}.Release|Any CPU.ActiveCfg = Release|Any CPU
		{50F97AFC-152B-65A4-5DA3-E1949BDEAB6A}.Release|Any CPU.Build.0 = Release|Any CPU
	EndGlobalSection
	GlobalSection(SolutionProperties) = preSolution
		HideSolutionNode = FALSE
	EndGlobalSection
EndGlobal
